
Microsoft Visual Studio Solution File, Format Version 12.00
# Visual Studio Version 16
VisualStudioVersion = 16.0.32126.315
MinimumVisualStudioVersion = 10.0.40219.1
Project("{FAE04EC0-301F-11D3-BF4B-00C04F79EFBC}") = "crudwithValidation", "crudwithValidation\crudwithValidation.csproj", "{EE9340D4-1B9F-4013-B1DC-0A92ED92F066}"
EndProject
Global
	GlobalSection(SolutionConfigurationPlatforms) = preSolution
		Debug|Any CPU = Debug|Any CPU
		Release|Any CPU = Release|Any CPU
	EndGlobalSection
	GlobalSection(ProjectConfigurationPlatforms) = postSolution
		{EE9340D4-1B9F-4013-B1DC-0A92ED92F066}.Debug|Any CPU.ActiveCfg = Debug|Any CPU
		{EE9340D4-1B9F-4013-B1DC-0A92ED92F066}.Debug|Any CPU.Build.0 = Debug|Any CPU
		{EE9340D4-1B9F-4013-B1DC-0A92ED92F066}.Release|Any CPU.ActiveCfg = Release|Any CPU
		{EE9340D4-1B9F-4013-B1DC-0A92ED92F066}.Release|Any CPU.Build.0 = Release|Any CPU
	EndGlobalSection
	GlobalSection(SolutionProperties) = preSolution
		HideSolutionNode = FALSE
	EndGlobalSection
	GlobalSection(ExtensibilityGlobals) = postSolution
		SolutionGuid = {F12B6AB5-7700-4D2C-84DA-4C1A17FCE875}
	EndGlobalSection
EndGlobal
